// !$*UTF8*$!
{
	archiveVersion = 1;
	classes = {
	};
	objectVersion = 55;
	objects = {

/* Begin PBXBuildFile section */
		FB8920FA28554184007639D4 /* AppDelegate.swift in Sources */ = {isa = PBXBuildFile; fileRef = FB8920F928554183007639D4 /* AppDelegate.swift */; };
		FB8920FC28554184007639D4 /* SceneDelegate.swift in Sources */ = {isa = PBXBuildFile; fileRef = FB8920FB28554184007639D4 /* SceneDelegate.swift */; };
		FB8920FE28554184007639D4 /* ViewController.swift in Sources */ = {isa = PBXBuildFile; fileRef = FB8920FD28554184007639D4 /* ViewController.swift */; };
		FB89210128554184007639D4 /* Main.storyboard in Resources */ = {isa = PBXBuildFile; fileRef = FB8920FF28554184007639D4 /* Main.storyboard */; };
		FB89210428554184007639D4 /* Este_e_Lauder.xcdatamodeld in Sources */ = {isa = PBXBuildFile; fileRef = FB89210228554184007639D4 /* Este_e_Lauder.xcdatamodeld */; };
		FB8921062855418D007639D4 /* Assets.xcassets in Resources */ = {isa = PBXBuildFile; fileRef = FB8921052855418D007639D4 /* Assets.xcassets */; };
		FB8921092855418D007639D4 /* LaunchScreen.storyboard in Resources */ = {isa = PBXBuildFile; fileRef = FB8921072855418D007639D4 /* LaunchScreen.storyboard */; };
		FB8921142855418D007639D4 /* Este_e_LauderTests.swift in Sources */ = {isa = PBXBuildFile; fileRef = FB8921132855418D007639D4 /* Este_e_LauderTests.swift */; };
		FB89211E2855418D007639D4 /* Este_e_LauderUITests.swift in Sources */ = {isa = PBXBuildFile; fileRef = FB89211D2855418D007639D4 /* Este_e_LauderUITests.swift */; };
		FB8921202855418D007639D4 /* Este_e_LauderUITestsLaunchTests.swift in Sources */ = {isa = PBXBuildFile; fileRef = FB89211F2855418D007639D4 /* Este_e_LauderUITestsLaunchTests.swift */; };
		FBDA1E382855991600CE1946 /* Learn1ViewController.swift in Sources */ = {isa = PBXBuildFile; fileRef = FBDA1E372855991600CE1946 /* Learn1ViewController.swift */; };
		FBDA1E3A2855996000CE1946 /* Learn2ViewController.swift in Sources */ = {isa = PBXBuildFile; fileRef = FBDA1E392855996000CE1946 /* Learn2ViewController.swift */; };
		FBDA1E3C2855997500CE1946 /* Learn3ViewController.swift in Sources */ = {isa = PBXBuildFile; fileRef = FBDA1E3B2855997500CE1946 /* Learn3ViewController.swift */; };
		FBDA1E3E2855999400CE1946 /* History1ViewController.swift in Sources */ = {isa = PBXBuildFile; fileRef = FBDA1E3D2855999400CE1946 /* History1ViewController.swift */; };
		FBDA1E40285599AE00CE1946 /* History2ViewController.swift in Sources */ = {isa = PBXBuildFile; fileRef = FBDA1E3F285599AE00CE1946 /* History2ViewController.swift */; };
		FBDA1E42285599DC00CE1946 /* Info1ViewController.swift in Sources */ = {isa = PBXBuildFile; fileRef = FBDA1E41285599DC00CE1946 /* Info1ViewController.swift */; };
		FBDA1E44285599F300CE1946 /* Info2ViewController.swift in Sources */ = {isa = PBXBuildFile; fileRef = FBDA1E43285599F300CE1946 /* Info2ViewController.swift */; };
		FBDA1E4628559A0700CE1946 /* Info3ViewController.swift in Sources */ = {isa = PBXBuildFile; fileRef = FBDA1E4528559A0700CE1946 /* Info3ViewController.swift */; };
/* End PBXBuildFile section */

/* Begin PBXContainerItemProxy section */
		FB8921102855418D007639D4 /* PBXContainerItemProxy */ = {
			isa = PBXContainerItemProxy;
			containerPortal = FB8920EE28554183007639D4 /* Project object */;
			proxyType = 1;
			remoteGlobalIDString = FB8920F528554183007639D4;
			remoteInfo = "Estée Lauder";
		};
		FB89211A2855418D007639D4 /* PBXContainerItemProxy */ = {
			isa = PBXContainerItemProxy;
			containerPortal = FB8920EE28554183007639D4 /* Project object */;
			proxyType = 1;
			remoteGlobalIDString = FB8920F528554183007639D4;
			remoteInfo = "Estée Lauder";
		};
/* End PBXContainerItemProxy section */

/* Begin PBXFileReference section */
		FB8920F628554183007639D4 /* Estée Lauder.app */ = {isa = PBXFileReference; explicitFileType = wrapper.application; includeInIndex = 0; path = "Estée Lauder.app"; sourceTree = BUILT_PRODUCTS_DIR; };
		FB8920F928554183007639D4 /* AppDelegate.swift */ = {isa = PBXFileReference; lastKnownFileType = sourcecode.swift; path = AppDelegate.swift; sourceTree = "<group>"; };
		FB8920FB28554184007639D4 /* SceneDelegate.swift */ = {isa = PBXFileReference; lastKnownFileType = sourcecode.swift; path = SceneDelegate.swift; sourceTree = "<group>"; };
		FB8920FD28554184007639D4 /* ViewController.swift */ = {isa = PBXFileReference; lastKnownFileType = sourcecode.swift; path = ViewController.swift; sourceTree = "<group>"; };
		FB89210028554184007639D4 /* Base */ = {isa = PBXFileReference; lastKnownFileType = file.storyboard; name = Base; path = Base.lproj/Main.storyboard; sourceTree = "<group>"; };
		FB89210328554184007639D4 /* Este_e_Lauder.xcdatamodel */ = {isa = PBXFileReference; lastKnownFileType = wrapper.xcdatamodel; path = Este_e_Lauder.xcdatamodel; sourceTree = "<group>"; };
		FB8921052855418D007639D4 /* Assets.xcassets */ = {isa = PBXFileReference; lastKnownFileType = folder.assetcatalog; path = Assets.xcassets; sourceTree = "<group>"; };
		FB8921082855418D007639D4 /* Base */ = {isa = PBXFileReference; lastKnownFileType = file.storyboard; name = Base; path = Base.lproj/LaunchScreen.storyboard; sourceTree = "<group>"; };
		FB89210A2855418D007639D4 /* Info.plist */ = {isa = PBXFileReference; lastKnownFileType = text.plist.xml; path = Info.plist; sourceTree = "<group>"; };
		FB89210F2855418D007639D4 /* Estée LauderTests.xctest */ = {isa = PBXFileReference; explicitFileType = wrapper.cfbundle; includeInIndex = 0; path = "Estée LauderTests.xctest"; sourceTree = BUILT_PRODUCTS_DIR; };
		FB8921132855418D007639D4 /* Este_e_LauderTests.swift */ = {isa = PBXFileReference; lastKnownFileType = sourcecode.swift; path = Este_e_LauderTests.swift; sourceTree = "<group>"; };
		FB8921192855418D007639D4 /* Estée LauderUITests.xctest */ = {isa = PBXFileReference; explicitFileType = wrapper.cfbundle; includeInIndex = 0; path = "Estée LauderUITests.xctest"; sourceTree = BUILT_PRODUCTS_DIR; };
		FB89211D2855418D007639D4 /* Este_e_LauderUITests.swift */ = {isa = PBXFileReference; lastKnownFileType = sourcecode.swift; path = Este_e_LauderUITests.swift; sourceTree = "<group>"; };
		FB89211F2855418D007639D4 /* Este_e_LauderUITestsLaunchTests.swift */ = {isa = PBXFileReference; lastKnownFileType = sourcecode.swift; path = Este_e_LauderUITestsLaunchTests.swift; sourceTree = "<group>"; };
		FBDA1E372855991600CE1946 /* Learn1ViewController.swift */ = {isa = PBXFileReference; lastKnownFileType = sourcecode.swift; path = Learn1ViewController.swift; sourceTree = "<group>"; };
		FBDA1E392855996000CE1946 /* Learn2ViewController.swift */ = {isa = PBXFileReference; lastKnownFileType = sourcecode.swift; path = Learn2ViewController.swift; sourceTree = "<group>"; };
		FBDA1E3B2855997500CE1946 /* Learn3ViewController.swift */ = {isa = PBXFileReference; lastKnownFileType = sourcecode.swift; path = Learn3ViewController.swift; sourceTree = "<group>"; };
		FBDA1E3D2855999400CE1946 /* History1ViewController.swift */ = {isa = PBXFileReference; lastKnownFileType = sourcecode.swift; path = History1ViewController.swift; sourceTree = "<group>"; };
		FBDA1E3F285599AE00CE1946 /* History2ViewController.swift */ = {isa = PBXFileReference; lastKnownFileType = sourcecode.swift; path = History2ViewController.swift; sourceTree = "<group>"; };
		FBDA1E41285599DC00CE1946 /* Info1ViewController.swift */ = {isa = PBXFileReference; lastKnownFileType = sourcecode.swift; path = Info1ViewController.swift; sourceTree = "<group>"; };
		FBDA1E43285599F300CE1946 /* Info2ViewController.swift */ = {isa = PBXFileReference; lastKnownFileType = sourcecode.swift; path = Info2ViewController.swift; sourceTree = "<group>"; };
		FBDA1E4528559A0700CE1946 /* Info3ViewController.swift */ = {isa = PBXFileReference; lastKnownFileType = sourcecode.swift; path = Info3ViewController.swift; sourceTree = "<group>"; };
/* End PBXFileReference section */

/* Begin PBXFrameworksBuildPhase section */
		FB8920F328554183007639D4 /* Frameworks */ = {
			isa = PBXFrameworksBuildPhase;
			buildActionMask = 2147483647;
			files = (
			);
			runOnlyForDeploymentPostprocessing = 0;
		};
		FB89210C2855418D007639D4 /* Frameworks */ = {
			isa = PBXFrameworksBuildPhase;
			buildActionMask = 2147483647;
			files = (
			);
			runOnlyForDeploymentPostprocessing = 0;
		};
		FB8921162855418D007639D4 /* Frameworks */ = {
			isa = PBXFrameworksBuildPhase;
			buildActionMask = 2147483647;
			files = (
			);
			runOnlyForDeploymentPostprocessing = 0;
		};
/* End PBXFrameworksBuildPhase section */

/* Begin PBXGroup section */
		FB8920ED28554183007639D4 = {
			isa = PBXGroup;
			children = (
				FB8920F828554183007639D4 /* Estée Lauder */,
				FB8921122855418D007639D4 /* Estée LauderTests */,
				FB89211C2855418D007639D4 /* Estée LauderUITests */,
				FB8920F728554183007639D4 /* Products */,
			);
			sourceTree = "<group>";
		};
		FB8920F728554183007639D4 /* Products */ = {
			isa = PBXGroup;
			children = (
				FB8920F628554183007639D4 /* Estée Lauder.app */,
				FB89210F2855418D007639D4 /* Estée LauderTests.xctest */,
				FB8921192855418D007639D4 /* Estée LauderUITests.xctest */,
			);
			name = Products;
			sourceTree = "<group>";
		};
		FB8920F828554183007639D4 /* Estée Lauder */ = {
			isa = PBXGroup;
			children = (
				FB8920F928554183007639D4 /* AppDelegate.swift */,
				FB8920FB28554184007639D4 /* SceneDelegate.swift */,
				FB8920FD28554184007639D4 /* ViewController.swift */,
				FBDA1E372855991600CE1946 /* Learn1ViewController.swift */,
				FBDA1E392855996000CE1946 /* Learn2ViewController.swift */,
				FBDA1E3B2855997500CE1946 /* Learn3ViewController.swift */,
				FBDA1E3D2855999400CE1946 /* History1ViewController.swift */,
				FBDA1E3F285599AE00CE1946 /* History2ViewController.swift */,
				FBDA1E41285599DC00CE1946 /* Info1ViewController.swift */,
				FBDA1E43285599F300CE1946 /* Info2ViewController.swift */,
				FBDA1E4528559A0700CE1946 /* Info3ViewController.swift */,
				FB8920FF28554184007639D4 /* Main.storyboard */,
				FB8921052855418D007639D4 /* Assets.xcassets */,
				FB8921072855418D007639D4 /* LaunchScreen.storyboard */,
				FB89210A2855418D007639D4 /* Info.plist */,
				FB89210228554184007639D4 /* Este_e_Lauder.xcdatamodeld */,
			);
			path = "Estée Lauder";
			sourceTree = "<group>";
		};
		FB8921122855418D007639D4 /* Estée LauderTests */ = {
			isa = PBXGroup;
			children = (
				FB8921132855418D007639D4 /* Este_e_LauderTests.swift */,
			);
			path = "Estée LauderTests";
			sourceTree = "<group>";
		};
		FB89211C2855418D007639D4 /* Estée LauderUITests */ = {
			isa = PBXGroup;
			children = (
				FB89211D2855418D007639D4 /* Este_e_LauderUITests.swift */,
				FB89211F2855418D007639D4 /* Este_e_LauderUITestsLaunchTests.swift */,
			);
			path = "Estée LauderUITests";
			sourceTree = "<group>";
		};
/* End PBXGroup section */

/* Begin PBXNativeTarget section */
		FB8920F528554183007639D4 /* Estée Lauder */ = {
			isa = PBXNativeTarget;
			buildConfigurationList = FB8921232855418D007639D4 /* Build configuration list for PBXNativeTarget "Estée Lauder" */;
			buildPhases = (
				FB8920F228554183007639D4 /* Sources */,
				FB8920F328554183007639D4 /* Frameworks */,
				FB8920F428554183007639D4 /* Resources */,
			);
			buildRules = (
			);
			dependencies = (
			);
			name = "Estée Lauder";
			productName = "Estée Lauder";
			productReference = FB8920F628554183007639D4 /* Estée Lauder.app */;
			productType = "com.apple.product-type.application";
		};
		FB89210E2855418D007639D4 /* Estée LauderTests */ = {
			isa = PBXNativeTarget;
			buildConfigurationList = FB8921262855418D007639D4 /* Build configuration list for PBXNativeTarget "Estée LauderTests" */;
			buildPhases = (
				FB89210B2855418D007639D4 /* Sources */,
				FB89210C2855418D007639D4 /* Frameworks */,
				FB89210D2855418D007639D4 /* Resources */,
			);
			buildRules = (
			);
			dependencies = (
				FB8921112855418D007639D4 /* PBXTargetDependency */,
			);
			name = "Estée LauderTests";
			productName = "Estée LauderTests";
			productReference = FB89210F2855418D007639D4 /* Estée LauderTests.xctest */;
			productType = "com.apple.product-type.bundle.unit-test";
		};
		FB8921182855418D007639D4 /* Estée LauderUITests */ = {
			isa = PBXNativeTarget;
			buildConfigurationList = FB8921292855418D007639D4 /* Build configuration list for PBXNativeTarget "Estée LauderUITests" */;
			buildPhases = (
				FB8921152855418D007639D4 /* Sources */,
				FB8921162855418D007639D4 /* Frameworks */,
				FB8921172855418D007639D4 /* Resources */,
			);
			buildRules = (
			);
			dependencies = (
				FB89211B2855418D007639D4 /* PBXTargetDependency */,
			);
			name = "Estée LauderUITests";
			productName = "Estée LauderUITests";
			productReference = FB8921192855418D007639D4 /* Estée LauderUITests.xctest */;
			productType = "com.apple.product-type.bundle.ui-testing";
		};
/* End PBXNativeTarget section */

/* Begin PBXProject section */
		FB8920EE28554183007639D4 /* Project object */ = {
			isa = PBXProject;
			attributes = {
				BuildIndependentTargetsInParallel = 1;
				LastSwiftUpdateCheck = 1340;
				LastUpgradeCheck = 1340;
				TargetAttributes = {
					FB8920F528554183007639D4 = {
						CreatedOnToolsVersion = 13.4.1;
					};
					FB89210E2855418D007639D4 = {
						CreatedOnToolsVersion = 13.4.1;
						TestTargetID = FB8920F528554183007639D4;
					};
					FB8921182855418D007639D4 = {
						CreatedOnToolsVersion = 13.4.1;
						TestTargetID = FB8920F528554183007639D4;
					};
				};
			};
			buildConfigurationList = FB8920F128554183007639D4 /* Build configuration list for PBXProject "Estée Lauder" */;
			compatibilityVersion = "Xcode 13.0";
			developmentRegion = en;
			hasScannedForEncodings = 0;
			knownRegions = (
				en,
				Base,
			);
			mainGroup = FB8920ED28554183007639D4;
			productRefGroup = FB8920F728554183007639D4 /* Products */;
			projectDirPath = "";
			projectRoot = "";
			targets = (
				FB8920F528554183007639D4 /* Estée Lauder */,
				FB89210E2855418D007639D4 /* Estée LauderTests */,
				FB8921182855418D007639D4 /* Estée LauderUITests */,
			);
		};
/* End PBXProject section */

/* Begin PBXResourcesBuildPhase section */
		FB8920F428554183007639D4 /* Resources */ = {
			isa = PBXResourcesBuildPhase;
			buildActionMask = 2147483647;
			files = (
				FB8921092855418D007639D4 /* LaunchScreen.storyboard in Resources */,
				FB8921062855418D007639D4 /* Assets.xcassets in Resources */,
				FB89210128554184007639D4 /* Main.storyboard in Resources */,
			);
			runOnlyForDeploymentPostprocessing = 0;
		};
		FB89210D2855418D007639D4 /* Resources */ = {
			isa = PBXResourcesBuildPhase;
			buildActionMask = 2147483647;
			files = (
			);
			runOnlyForDeploymentPostprocessing = 0;
		};
		FB8921172855418D007639D4 /* Resources */ = {
			isa = PBXResourcesBuildPhase;
			buildActionMask = 2147483647;
			files = (
			);
			runOnlyForDeploymentPostprocessing = 0;
		};
/* End PBXResourcesBuildPhase section */

/* Begin PBXSourcesBuildPhase section */
		FB8920F228554183007639D4 /* Sources */ = {
			isa = PBXSourcesBuildPhase;
			buildActionMask = 2147483647;
			files = (
				FBDA1E44285599F300CE1946 /* Info2ViewController.swift in Sources */,
				FB8920FE28554184007639D4 /* ViewController.swift in Sources */,
				FBDA1E40285599AE00CE1946 /* History2ViewController.swift in Sources */,
				FBDA1E3E2855999400CE1946 /* History1ViewController.swift in Sources */,
				FB8920FA28554184007639D4 /* AppDelegate.swift in Sources */,
				FBDA1E42285599DC00CE1946 /* Info1ViewController.swift in Sources */,
				FBDA1E4628559A0700CE1946 /* Info3ViewController.swift in Sources */,
				FBDA1E3A2855996000CE1946 /* Learn2ViewController.swift in Sources */,
				FB8920FC28554184007639D4 /* SceneDelegate.swift in Sources */,
				FBDA1E382855991600CE1946 /* Learn1ViewController.swift in Sources */,
				FB89210428554184007639D4 /* Este_e_Lauder.xcdatamodeld in Sources */,
				FBDA1E3C2855997500CE1946 /* Learn3ViewController.swift in Sources */,
			);
			runOnlyForDeploymentPostprocessing = 0;
		};
		FB89210B2855418D007639D4 /* Sources */ = {
			isa = PBXSourcesBuildPhase;
			buildActionMask = 2147483647;
			files = (
				FB8921142855418D007639D4 /* Este_e_LauderTests.swift in Sources */,
			);
			runOnlyForDeploymentPostprocessing = 0;
		};
		FB8921152855418D007639D4 /* Sources */ = {
			isa = PBXSourcesBuildPhase;
			buildActionMask = 2147483647;
			files = (
				FB8921202855418D007639D4 /* Este_e_LauderUITestsLaunchTests.swift in Sources */,
				FB89211E2855418D007639D4 /* Este_e_LauderUITests.swift in Sources */,
			);
			runOnlyForDeploymentPostprocessing = 0;
		};
/* End PBXSourcesBuildPhase section */

/* Begin PBXTargetDependency section */
		FB8921112855418D007639D4 /* PBXTargetDependency */ = {
			isa = PBXTargetDependency;
			target = FB8920F528554183007639D4 /* Estée Lauder */;
			targetProxy = FB8921102855418D007639D4 /* PBXContainerItemProxy */;
		};
		FB89211B2855418D007639D4 /* PBXTargetDependency */ = {
			isa = PBXTargetDependency;
			target = FB8920F528554183007639D4 /* Estée Lauder */;
			targetProxy = FB89211A2855418D007639D4 /* PBXContainerItemProxy */;
		};
/* End PBXTargetDependency section */

/* Begin PBXVariantGroup section */
		FB8920FF28554184007639D4 /* Main.storyboard */ = {
			isa = PBXVariantGroup;
			children = (
				FB89210028554184007639D4 /* Base */,
			);
			name = Main.storyboard;
			sourceTree = "<group>";
		};
		FB8921072855418D007639D4 /* LaunchScreen.storyboard */ = {
			isa = PBXVariantGroup;
			children = (
				FB8921082855418D007639D4 /* Base */,
			);
			name = LaunchScreen.storyboard;
			sourceTree = "<group>";
		};
/* End PBXVariantGroup section */

/* Begin XCBuildConfiguration section */
		FB8921212855418D007639D4 /* Debug */ = {
			isa = XCBuildConfiguration;
			buildSettings = {
				ALWAYS_SEARCH_USER_PATHS = NO;
				CLANG_ANALYZER_NONNULL = YES;
				CLANG_ANALYZER_NUMBER_OBJECT_CONVERSION = YES_AGGRESSIVE;
				CLANG_CXX_LANGUAGE_STANDARD = "gnu++17";
				CLANG_ENABLE_MODULES = YES;
				CLANG_ENABLE_OBJC_ARC = YES;
				CLANG_ENABLE_OBJC_WEAK = YES;
				CLANG_WARN_BLOCK_CAPTURE_AUTORELEASING = YES;
				CLANG_WARN_BOOL_CONVERSION = YES;
				CLANG_WARN_COMMA = YES;
				CLANG_WARN_CONSTANT_CONVERSION = YES;
				CLANG_WARN_DEPRECATED_OBJC_IMPLEMENTATIONS = YES;
				CLANG_WARN_DIRECT_OBJC_ISA_USAGE = YES_ERROR;
				CLANG_WARN_DOCUMENTATION_COMMENTS = YES;
				CLANG_WARN_EMPTY_BODY = YES;
				CLANG_WARN_ENUM_CONVERSION = YES;
				CLANG_WARN_INFINITE_RECURSION = YES;
				CLANG_WARN_INT_CONVERSION = YES;
				CLANG_WARN_NON_LITERAL_NULL_CONVERSION = YES;
				CLANG_WARN_OBJC_IMPLICIT_RETAIN_SELF = YES;
				CLANG_WARN_OBJC_LITERAL_CONVERSION = YES;
				CLANG_WARN_OBJC_ROOT_CLASS = YES_ERROR;
				CLANG_WARN_QUOTED_INCLUDE_IN_FRAMEWORK_HEADER = YES;
				CLANG_WARN_RANGE_LOOP_ANALYSIS = YES;
				CLANG_WARN_STRICT_PROTOTYPES = YES;
				CLANG_WARN_SUSPICIOUS_MOVE = YES;
				CLANG_WARN_UNGUARDED_AVAILABILITY = YES_AGGRESSIVE;
				CLANG_WARN_UNREACHABLE_CODE = YES;
				CLANG_WARN__DUPLICATE_METHOD_MATCH = YES;
				COPY_PHASE_STRIP = NO;
				DEBUG_INFORMATION_FORMAT = dwarf;
				ENABLE_STRICT_OBJC_MSGSEND = YES;
				ENABLE_TESTABILITY = YES;
				GCC_C_LANGUAGE_STANDARD = gnu11;
				GCC_DYNAMIC_NO_PIC = NO;
				GCC_NO_COMMON_BLOCKS = YES;
				GCC_OPTIMIZATION_LEVEL = 0;
				GCC_PREPROCESSOR_DEFINITIONS = (
					"DEBUG=1",
					"$(inherited)",
				);
				GCC_WARN_64_TO_32_BIT_CONVERSION = YES;
				GCC_WARN_ABOUT_RETURN_TYPE = YES_ERROR;
				GCC_WARN_UNDECLARED_SELECTOR = YES;
				GCC_WARN_UNINITIALIZED_AUTOS = YES_AGGRESSIVE;
				GCC_WARN_UNUSED_FUNCTION = YES;
				GCC_WARN_UNUSED_VARIABLE = YES;
				IPHONEOS_DEPLOYMENT_TARGET = 15.5;
				MTL_ENABLE_DEBUG_INFO = INCLUDE_SOURCE;
				MTL_FAST_MATH = YES;
				ONLY_ACTIVE_ARCH = YES;
				SDKROOT = iphoneos;
				SWIFT_ACTIVE_COMPILATION_CONDITIONS = DEBUG;
				SWIFT_OPTIMIZATION_LEVEL = "-Onone";
			};
			name = Debug;
		};
		FB8921222855418D007639D4 /* Release */ = {
			isa = XCBuildConfiguration;
			buildSettings = {
				ALWAYS_SEARCH_USER_PATHS = NO;
				CLANG_ANALYZER_NONNULL = YES;
				CLANG_ANALYZER_NUMBER_OBJECT_CONVERSION = YES_AGGRESSIVE;
				CLANG_CXX_LANGUAGE_STANDARD = "gnu++17";
				CLANG_ENABLE_MODULES = YES;
				CLANG_ENABLE_OBJC_ARC = YES;
				CLANG_ENABLE_OBJC_WEAK = YES;
				CLANG_WARN_BLOCK_CAPTURE_AUTORELEASING = YES;
				CLANG_WARN_BOOL_CONVERSION = YES;
				CLANG_WARN_COMMA = YES;
				CLANG_WARN_CONSTANT_CONVERSION = YES;
				CLANG_WARN_DEPRECATED_OBJC_IMPLEMENTATIONS = YES;
				CLANG_WARN_DIRECT_OBJC_ISA_USAGE = YES_ERROR;
				CLANG_WARN_DOCUMENTATION_COMMENTS = YES;
				CLANG_WARN_EMPTY_BODY = YES;
				CLANG_WARN_ENUM_CONVERSION = YES;
				CLANG_WARN_INFINITE_RECURSION = YES;
				CLANG_WARN_INT_CONVERSION = YES;
				CLANG_WARN_NON_LITERAL_NULL_CONVERSION = YES;
				CLANG_WARN_OBJC_IMPLICIT_RETAIN_SELF = YES;
				CLANG_WARN_OBJC_LITERAL_CONVERSION = YES;
				CLANG_WARN_OBJC_ROOT_CLASS = YES_ERROR;
				CLANG_WARN_QUOTED_INCLUDE_IN_FRAMEWORK_HEADER = YES;
				CLANG_WARN_RANGE_LOOP_ANALYSIS = YES;
				CLANG_WARN_STRICT_PROTOTYPES = YES;
				CLANG_WARN_SUSPICIOUS_MOVE = YES;
				CLANG_WARN_UNGUARDED_AVAILABILITY = YES_AGGRESSIVE;
				CLANG_WARN_UNREACHABLE_CODE = YES;
				CLANG_WARN__DUPLICATE_METHOD_MATCH = YES;
				COPY_PHASE_STRIP = NO;
				DEBUG_INFORMATION_FORMAT = "dwarf-with-dsym";
				ENABLE_NS_ASSERTIONS = NO;
				ENABLE_STRICT_OBJC_MSGSEND = YES;
				GCC_C_LANGUAGE_STANDARD = gnu11;
				GCC_NO_COMMON_BLOCKS = YES;
				GCC_WARN_64_TO_32_BIT_CONVERSION = YES;
				GCC_WARN_ABOUT_RETURN_TYPE = YES_ERROR;
				GCC_WARN_UNDECLARED_SELECTOR = YES;
				GCC_WARN_UNINITIALIZED_AUTOS = YES_AGGRESSIVE;
				GCC_WARN_UNUSED_FUNCTION = YES;
				GCC_WARN_UNUSED_VARIABLE = YES;
				IPHONEOS_DEPLOYMENT_TARGET = 15.5;
				MTL_ENABLE_DEBUG_INFO = NO;
				MTL_FAST_MATH = YES;
				SDKROOT = iphoneos;
				SWIFT_COMPILATION_MODE = wholemodule;
				SWIFT_OPTIMIZATION_LEVEL = "-O";
				VALIDATE_PRODUCT = YES;
			};
			name = Release;
		};
		FB8921242855418D007639D4 /* Debug */ = {
			isa = XCBuildConfiguration;
			buildSettings = {
				ASSETCATALOG_COMPILER_APPICON_NAME = AppIcon;
				ASSETCATALOG_COMPILER_GLOBAL_ACCENT_COLOR_NAME = AccentColor;
				CODE_SIGN_STYLE = Automatic;
				CURRENT_PROJECT_VERSION = 1;
				DEVELOPMENT_TEAM = D5BY2PLDS8;
				GENERATE_INFOPLIST_FILE = YES;
				INFOPLIST_FILE = "Estée Lauder/Info.plist";
				INFOPLIST_KEY_CFBundleDisplayName = "Estée Lauder";
				INFOPLIST_KEY_UIApplicationSupportsIndirectInputEvents = YES;
				INFOPLIST_KEY_UILaunchStoryboardName = LaunchScreen;
				INFOPLIST_KEY_UIMainStoryboardFile = Main;
				INFOPLIST_KEY_UISupportedInterfaceOrientations_iPad = "UIInterfaceOrientationPortrait UIInterfaceOrientationPortraitUpsideDown UIInterfaceOrientationLandscapeLeft UIInterfaceOrientationLandscapeRight";
				INFOPLIST_KEY_UISupportedInterfaceOrientations_iPhone = "UIInterfaceOrientationPortrait UIInterfaceOrientationLandscapeLeft UIInterfaceOrientationLandscapeRight";
				LD_RUNPATH_SEARCH_PATHS = (
					"$(inherited)",
					"@executable_path/Frameworks",
				);
				MARKETING_VERSION = 1.0;
				PRODUCT_BUNDLE_IDENTIFIER = "Larissa.Este-e-Lauder";
				PRODUCT_NAME = "$(TARGET_NAME)";
				SWIFT_EMIT_LOC_STRINGS = YES;
				SWIFT_VERSION = 5.0;
				TARGETED_DEVICE_FAMILY = "1,2";
			};
			name = Debug;
		};
		FB8921252855418D007639D4 /* Release */ = {
			isa = XCBuildConfiguration;
			buildSettings = {
				ASSETCATALOG_COMPILER_APPICON_NAME = AppIcon;
				ASSETCATALOG_COMPILER_GLOBAL_ACCENT_COLOR_NAME = AccentColor;
				CODE_SIGN_STYLE = Automatic;
				CURRENT_PROJECT_VERSION = 1;
				DEVELOPMENT_TEAM = D5BY2PLDS8;
				GENERATE_INFOPLIST_FILE = YES;
				INFOPLIST_FILE = "Estée Lauder/Info.plist";
				INFOPLIST_KEY_CFBundleDisplayName = "Estée Lauder";
				INFOPLIST_KEY_UIApplicationSupportsIndirectInputEvents = YES;
				INFOPLIST_KEY_UILaunchStoryboardName = LaunchScreen;
				INFOPLIST_KEY_UIMainStoryboardFile = Main;
				INFOPLIST_KEY_UISupportedInterfaceOrientations_iPad = "UIInterfaceOrientationPortrait UIInterfaceOrientationPortraitUpsideDown UIInterfaceOrientationLandscapeLeft UIInterfaceOrientationLandscapeRight";
				INFOPLIST_KEY_UISupportedInterfaceOrientations_iPhone = "UIInterfaceOrientationPortrait UIInterfaceOrientationLandscapeLeft UIInterfaceOrientationLandscapeRight";
				LD_RUNPATH_SEARCH_PATHS = (
					"$(inherited)",
					"@executable_path/Frameworks",
				);
				MARKETING_VERSION = 1.0;
				PRODUCT_BUNDLE_IDENTIFIER = "Larissa.Este-e-Lauder";
				PRODUCT_NAME = "$(TARGET_NAME)";
				SWIFT_EMIT_LOC_STRINGS = YES;
				SWIFT_VERSION = 5.0;
				TARGETED_DEVICE_FAMILY = "1,2";
			};
			name = Release;
		};
		FB8921272855418D007639D4 /* Debug */ = {
			isa = XCBuildConfiguration;
			buildSettings = {
				ALWAYS_EMBED_SWIFT_STANDARD_LIBRARIES = YES;
				BUNDLE_LOADER = "$(TEST_HOST)";
				CODE_SIGN_STYLE = Automatic;
				CURRENT_PROJECT_VERSION = 1;
				GENERATE_INFOPLIST_FILE = YES;
				IPHONEOS_DEPLOYMENT_TARGET = 15.5;
				MARKETING_VERSION = 1.0;
				PRODUCT_BUNDLE_IDENTIFIER = "Larissa.Este-e-LauderTests";
				PRODUCT_NAME = "$(TARGET_NAME)";
				SWIFT_EMIT_LOC_STRINGS = NO;
				SWIFT_VERSION = 5.0;
				TARGETED_DEVICE_FAMILY = "1,2";
				TEST_HOST = "$(BUILT_PRODUCTS_DIR)/Estée Lauder.app/Estée Lauder";
			};
			name = Debug;
		};
		FB8921282855418D007639D4 /* Release */ = {
			isa = XCBuildConfiguration;
			buildSettings = {
				ALWAYS_EMBED_SWIFT_STANDARD_LIBRARIES = YES;
				BUNDLE_LOADER = "$(TEST_HOST)";
				CODE_SIGN_STYLE = Automatic;
				CURRENT_PROJECT_VERSION = 1;
				GENERATE_INFOPLIST_FILE = YES;
				IPHONEOS_DEPLOYMENT_TARGET = 15.5;
				MARKETING_VERSION = 1.0;
				PRODUCT_BUNDLE_IDENTIFIER = "Larissa.Este-e-LauderTests";
				PRODUCT_NAME = "$(TARGET_NAME)";
				SWIFT_EMIT_LOC_STRINGS = NO;
				SWIFT_VERSION = 5.0;
				TARGETED_DEVICE_FAMILY = "1,2";
				TEST_HOST = "$(BUILT_PRODUCTS_DIR)/Estée Lauder.app/Estée Lauder";
			};
			name = Release;
		};
		FB89212A2855418D007639D4 /* Debug */ = {
			isa = XCBuildConfiguration;
			buildSettings = {
				ALWAYS_EMBED_SWIFT_STANDARD_LIBRARIES = YES;
				CODE_SIGN_STYLE = Automatic;
				CURRENT_PROJECT_VERSION = 1;
				GENERATE_INFOPLIST_FILE = YES;
				MARKETING_VERSION = 1.0;
				PRODUCT_BUNDLE_IDENTIFIER = "Larissa.Este-e-LauderUITests";
				PRODUCT_NAME = "$(TARGET_NAME)";
				SWIFT_EMIT_LOC_STRINGS = NO;
				SWIFT_VERSION = 5.0;
				TARGETED_DEVICE_FAMILY = "1,2";
				TEST_TARGET_NAME = "Estée Lauder";
			};
			name = Debug;
		};
		FB89212B2855418D007639D4 /* Release */ = {
			isa = XCBuildConfiguration;
			buildSettings = {
				ALWAYS_EMBED_SWIFT_STANDARD_LIBRARIES = YES;
				CODE_SIGN_STYLE = Automatic;
				CURRENT_PROJECT_VERSION = 1;
				GENERATE_INFOPLIST_FILE = YES;
				MARKETING_VERSION = 1.0;
				PRODUCT_BUNDLE_IDENTIFIER = "Larissa.Este-e-LauderUITests";
				PRODUCT_NAME = "$(TARGET_NAME)";
				SWIFT_EMIT_LOC_STRINGS = NO;
				SWIFT_VERSION = 5.0;
				TARGETED_DEVICE_FAMILY = "1,2";
				TEST_TARGET_NAME = "Estée Lauder";
			};
			name = Release;
		};
/* End XCBuildConfiguration section */

/* Begin XCConfigurationList section */
		FB8920F128554183007639D4 /* Build configuration list for PBXProject "Estée Lauder" */ = {
			isa = XCConfigurationList;
			buildConfigurations = (
				FB8921212855418D007639D4 /* Debug */,
				FB8921222855418D007639D4 /* Release */,
			);
			defaultConfigurationIsVisible = 0;
			defaultConfigurationName = Release;
		};
		FB8921232855418D007639D4 /* Build configuration list for PBXNativeTarget "Estée Lauder" */ = {
			isa = XCConfigurationList;
			buildConfigurations = (
				FB8921242855418D007639D4 /* Debug */,
				FB8921252855418D007639D4 /* Release */,
			);
			defaultConfigurationIsVisible = 0;
			defaultConfigurationName = Release;
		};
		FB8921262855418D007639D4 /* Build configuration list for PBXNativeTarget "Estée LauderTests" */ = {
			isa = XCConfigurationList;
			buildConfigurations = (
				FB8921272855418D007639D4 /* Debug */,
				FB8921282855418D007639D4 /* Release */,
			);
			defaultConfigurationIsVisible = 0;
			defaultConfigurationName = Release;
		};
		FB8921292855418D007639D4 /* Build configuration list for PBXNativeTarget "Estée LauderUITests" */ = {
			isa = XCConfigurationList;
			buildConfigurations = (
				FB89212A2855418D007639D4 /* Debug */,
				FB89212B2855418D007639D4 /* Release */,
			);
			defaultConfigurationIsVisible = 0;
			defaultConfigurationName = Release;
		};
/* End XCConfigurationList section */

/* Begin XCVersionGroup section */
		FB89210228554184007639D4 /* Este_e_Lauder.xcdatamodeld */ = {
			isa = XCVersionGroup;
			children = (
				FB89210328554184007639D4 /* Este_e_Lauder.xcdatamodel */,
			);
			currentVersion = FB89210328554184007639D4 /* Este_e_Lauder.xcdatamodel */;
			path = Este_e_Lauder.xcdatamodeld;
			sourceTree = "<group>";
			versionGroupType = wrapper.xcdatamodel;
		};
/* End XCVersionGroup section */
	};
	rootObject = FB8920EE28554183007639D4 /* Project object */;
}
